
Microsoft Visual Studio Solution File, Format Version 12.00
# Visual Studio Version 17
VisualStudioVersion = 17.0.31903.59
MinimumVisualStudioVersion = 10.0.40219.1
Project("{2150E333-8FDC-42A3-9474-1A3956D46DE8}") = "src", "src", "{827E0CD3-B72D-47B6-A68D-7590B98EB39B}"
EndProject
Project("{2150E333-8FDC-42A3-9474-1A3956D46DE8}") = "Ingestion", "Ingestion", "{6999BB95-48D9-2F89-3C7F-00564788F543}"
EndProject
Project("{FAE04EC0-301F-11D3-BF4B-00C04F79EFBC}") = "SmartMetering.Ingestion.Domain", "src\Ingestion\SmartMetering.Ingestion.Domain\SmartMetering.Ingestion.Domain.csproj", "{2B6F221F-23EB-4B7A-A251-DD812F693D98}"
EndProject
Project("{FAE04EC0-301F-11D3-BF4B-00C04F79EFBC}") = "SmartMetering.Ingestion.Application", "src\Ingestion\SmartMetering.Ingestion.Application\SmartMetering.Ingestion.Application.csproj", "{971FAE74-555C-4224-9399-8A7642B41E44}"
EndProject
Project("{FAE04EC0-301F-11D3-BF4B-00C04F79EFBC}") = "SmartMetering.Ingestion.Infrastructure", "src\Ingestion\SmartMetering.Ingestion.Infrastructure\SmartMetering.Ingestion.Infrastructure.csproj", "{2A15FC21-168A-4C4B-8C4E-129CF5110F4A}"
EndProject
Project("{FAE04EC0-301F-11D3-BF4B-00C04F79EFBC}") = "SmartMetering.Ingestion.Api", "src\Ingestion\SmartMetering.Ingestion.Api\SmartMetering.Ingestion.Api.csproj", "{48141DD8-ABF0-4B5E-BE68-A0F15A46300D}"
EndProject
Project("{2150E333-8FDC-42A3-9474-1A3956D46DE8}") = "Metering", "Metering", "{3273621B-B6F3-F831-13F7-7D28585CCB3D}"
EndProject
Project("{FAE04EC0-301F-11D3-BF4B-00C04F79EFBC}") = "SmartMetering.Metering.Domain", "src\Metering\SmartMetering.Metering.Domain\SmartMetering.Metering.Domain.csproj", "{9BC0213D-D161-49D6-B3C6-A1FA14EAAD96}"
EndProject
Project("{FAE04EC0-301F-11D3-BF4B-00C04F79EFBC}") = "SmartMetering.Metering.Application", "src\Metering\SmartMetering.Metering.Application\SmartMetering.Metering.Application.csproj", "{C60E582B-5386-47EB-97AF-CF467ECD18C1}"
EndProject
Project("{FAE04EC0-301F-11D3-BF4B-00C04F79EFBC}") = "SmartMetering.Metering.Infrastructure", "src\Metering\SmartMetering.Metering.Infrastructure\SmartMetering.Metering.Infrastructure.csproj", "{2639CE89-9D20-47EB-A10E-8D2DB1806279}"
EndProject
Project("{FAE04EC0-301F-11D3-BF4B-00C04F79EFBC}") = "SmartMetering.Metering.Api", "src\Metering\SmartMetering.Metering.Api\SmartMetering.Metering.Api.csproj", "{180DC52F-A8DD-4A59-A77E-E3B4E09684F5}"
EndProject
Project("{2150E333-8FDC-42A3-9474-1A3956D46DE8}") = "Billing", "Billing", "{FF060368-6B1E-E30E-2C06-7320FAB64058}"
EndProject
Project("{FAE04EC0-301F-11D3-BF4B-00C04F79EFBC}") = "SmartMetering.Billing.Domain", "src\Billing\SmartMetering.Billing.Domain\SmartMetering.Billing.Domain.csproj", "{99120015-9844-46BD-B14D-225CAE2AC1AA}"
EndProject
Project("{FAE04EC0-301F-11D3-BF4B-00C04F79EFBC}") = "SmartMetering.Billing.Application", "src\Billing\SmartMetering.Billing.Application\SmartMetering.Billing.Application.csproj", "{F21D5EE2-2765-4C06-9DC1-DAE9B867D603}"
EndProject
Project("{FAE04EC0-301F-11D3-BF4B-00C04F79EFBC}") = "SmartMetering.Billing.Infrastructure", "src\Billing\SmartMetering.Billing.Infrastructure\SmartMetering.Billing.Infrastructure.csproj", "{B7373534-E221-481F-9965-95EA19B8B9E9}"
EndProject
Project("{FAE04EC0-301F-11D3-BF4B-00C04F79EFBC}") = "SmartMetering.Billing.Api", "src\Billing\SmartMetering.Billing.Api\SmartMetering.Billing.Api.csproj", "{A86FBE5A-2F1C-49EC-BBE9-B6333B62AB88}"
EndProject
Project("{2150E333-8FDC-42A3-9474-1A3956D46DE8}") = "Payments", "Payments", "{FF0E3929-CBDF-D101-A636-4697F11DEC78}"
EndProject
Project("{FAE04EC0-301F-11D3-BF4B-00C04F79EFBC}") = "SmartMetering.Payments.Domain", "src\Payments\SmartMetering.Payments.Domain\SmartMetering.Payments.Domain.csproj", "{45C7C9D5-F988-4148-A403-80C522C8B3A5}"
EndProject
Project("{FAE04EC0-301F-11D3-BF4B-00C04F79EFBC}") = "SmartMetering.Payments.Application", "src\Payments\SmartMetering.Payments.Application\SmartMetering.Payments.Application.csproj", "{2B5630FE-87E6-4422-B497-5044CDA84434}"
EndProject
Project("{FAE04EC0-301F-11D3-BF4B-00C04F79EFBC}") = "SmartMetering.Payments.Infrastructure", "src\Payments\SmartMetering.Payments.Infrastructure\SmartMetering.Payments.Infrastructure.csproj", "{A9A921C8-7AC7-4773-A694-DB4D06B04D86}"
EndProject
Project("{FAE04EC0-301F-11D3-BF4B-00C04F79EFBC}") = "SmartMetering.Payments.Api", "src\Payments\SmartMetering.Payments.Api\SmartMetering.Payments.Api.csproj", "{BB3E50A3-9F89-4394-9C02-6178982F7B45}"
EndProject
Global
	GlobalSection(SolutionConfigurationPlatforms) = preSolution
		Debug|Any CPU = Debug|Any CPU
		Debug|x64 = Debug|x64
		Debug|x86 = Debug|x86
		Release|Any CPU = Release|Any CPU
		Release|x64 = Release|x64
		Release|x86 = Release|x86
	EndGlobalSection
	GlobalSection(ProjectConfigurationPlatforms) = postSolution
		{2B6F221F-23EB-4B7A-A251-DD812F693D98}.Debug|Any CPU.ActiveCfg = Debug|Any CPU
		{2B6F221F-23EB-4B7A-A251-DD812F693D98}.Debug|Any CPU.Build.0 = Debug|Any CPU
		{2B6F221F-23EB-4B7A-A251-DD812F693D98}.Debug|x64.ActiveCfg = Debug|Any CPU
		{2B6F221F-23EB-4B7A-A251-DD812F693D98}.Debug|x64.Build.0 = Debug|Any CPU
		{2B6F221F-23EB-4B7A-A251-DD812F693D98}.Debug|x86.ActiveCfg = Debug|Any CPU
		{2B6F221F-23EB-4B7A-A251-DD812F693D98}.Debug|x86.Build.0 = Debug|Any CPU
		{2B6F221F-23EB-4B7A-A251-DD812F693D98}.Release|Any CPU.ActiveCfg = Release|Any CPU
		{2B6F221F-23EB-4B7A-A251-DD812F693D98}.Release|Any CPU.Build.0 = Release|Any CPU
		{2B6F221F-23EB-4B7A-A251-DD812F693D98}.Release|x64.ActiveCfg = Release|Any CPU
		{2B6F221F-23EB-4B7A-A251-DD812F693D98}.Release|x64.Build.0 = Release|Any CPU
		{2B6F221F-23EB-4B7A-A251-DD812F693D98}.Release|x86.ActiveCfg = Release|Any CPU
		{2B6F221F-23EB-4B7A-A251-DD812F693D98}.Release|x86.Build.0 = Release|Any CPU
		{971FAE74-555C-4224-9399-8A7642B41E44}.Debug|Any CPU.ActiveCfg = Debug|Any CPU
		{971FAE74-555C-4224-9399-8A7642B41E44}.Debug|Any CPU.Build.0 = Debug|Any CPU
		{971FAE74-555C-4224-9399-8A7642B41E44}.Debug|x64.ActiveCfg = Debug|Any CPU
		{971FAE74-555C-4224-9399-8A7642B41E44}.Debug|x64.Build.0 = Debug|Any CPU
		{971FAE74-555C-4224-9399-8A7642B41E44}.Debug|x86.ActiveCfg = Debug|Any CPU
		{971FAE74-555C-4224-9399-8A7642B41E44}.Debug|x86.Build.0 = Debug|Any CPU
		{971FAE74-555C-4224-9399-8A7642B41E44}.Release|Any CPU.ActiveCfg = Release|Any CPU
		{971FAE74-555C-4224-9399-8A7642B41E44}.Release|Any CPU.Build.0 = Release|Any CPU
		{971FAE74-555C-4224-9399-8A7642B41E44}.Release|x64.ActiveCfg = Release|Any CPU
		{971FAE74-555C-4224-9399-8A7642B41E44}.Release|x64.Build.0 = Release|Any CPU
		{971FAE74-555C-4224-9399-8A7642B41E44}.Release|x86.ActiveCfg = Release|Any CPU
		{971FAE74-555C-4224-9399-8A7642B41E44}.Release|x86.Build.0 = Release|Any CPU
		{2A15FC21-168A-4C4B-8C4E-129CF5110F4A}.Debug|Any CPU.ActiveCfg = Debug|Any CPU
		{2A15FC21-168A-4C4B-8C4E-129CF5110F4A}.Debug|Any CPU.Build.0 = Debug|Any CPU
		{2A15FC21-168A-4C4B-8C4E-129CF5110F4A}.Debug|x64.ActiveCfg = Debug|Any CPU
		{2A15FC21-168A-4C4B-8C4E-129CF5110F4A}.Debug|x64.Build.0 = Debug|Any CPU
		{2A15FC21-168A-4C4B-8C4E-129CF5110F4A}.Debug|x86.ActiveCfg = Debug|Any CPU
		{2A15FC21-168A-4C4B-8C4E-129CF5110F4A}.Debug|x86.Build.0 = Debug|Any CPU
		{2A15FC21-168A-4C4B-8C4E-129CF5110F4A}.Release|Any CPU.ActiveCfg = Release|Any CPU
		{2A15FC21-168A-4C4B-8C4E-129CF5110F4A}.Release|Any CPU.Build.0 = Release|Any CPU
		{2A15FC21-168A-4C4B-8C4E-129CF5110F4A}.Release|x64.ActiveCfg = Release|Any CPU
		{2A15FC21-168A-4C4B-8C4E-129CF5110F4A}.Release|x64.Build.0 = Release|Any CPU
		{2A15FC21-168A-4C4B-8C4E-129CF5110F4A}.Release|x86.ActiveCfg = Release|Any CPU
		{2A15FC21-168A-4C4B-8C4E-129CF5110F4A}.Release|x86.Build.0 = Release|Any CPU
		{48141DD8-ABF0-4B5E-BE68-A0F15A46300D}.Debug|Any CPU.ActiveCfg = Debug|Any CPU
		{48141DD8-ABF0-4B5E-BE68-A0F15A46300D}.Debug|Any CPU.Build.0 = Debug|Any CPU
		{48141DD8-ABF0-4B5E-BE68-A0F15A46300D}.Debug|x64.ActiveCfg = Debug|Any CPU
		{48141DD8-ABF0-4B5E-BE68-A0F15A46300D}.Debug|x64.Build.0 = Debug|Any CPU
		{48141DD8-ABF0-4B5E-BE68-A0F15A46300D}.Debug|x86.ActiveCfg = Debug|Any CPU
		{48141DD8-ABF0-4B5E-BE68-A0F15A46300D}.Debug|x86.Build.0 = Debug|Any CPU
		{48141DD8-ABF0-4B5E-BE68-A0F15A46300D}.Release|Any CPU.ActiveCfg = Release|Any CPU
		{48141DD8-ABF0-4B5E-BE68-A0F15A46300D}.Release|Any CPU.Build.0 = Release|Any CPU
		{48141DD8-ABF0-4B5E-BE68-A0F15A46300D}.Release|x64.ActiveCfg = Release|Any CPU
		{48141DD8-ABF0-4B5E-BE68-A0F15A46300D}.Release|x64.Build.0 = Release|Any CPU
		{48141DD8-ABF0-4B5E-BE68-A0F15A46300D}.Release|x86.ActiveCfg = Release|Any CPU
		{48141DD8-ABF0-4B5E-BE68-A0F15A46300D}.Release|x86.Build.0 = Release|Any CPU
		{9BC0213D-D161-49D6-B3C6-A1FA14EAAD96}.Debug|Any CPU.ActiveCfg = Debug|Any CPU
		{9BC0213D-D161-49D6-B3C6-A1FA14EAAD96}.Debug|Any CPU.Build.0 = Debug|Any CPU
		{9BC0213D-D161-49D6-B3C6-A1FA14EAAD96}.Debug|x64.ActiveCfg = Debug|Any CPU
		{9BC0213D-D161-49D6-B3C6-A1FA14EAAD96}.Debug|x64.Build.0 = Debug|Any CPU
		{9BC0213D-D161-49D6-B3C6-A1FA14EAAD96}.Debug|x86.ActiveCfg = Debug|Any CPU
		{9BC0213D-D161-49D6-B3C6-A1FA14EAAD96}.Debug|x86.Build.0 = Debug|Any CPU
		{9BC0213D-D161-49D6-B3C6-A1FA14EAAD96}.Release|Any CPU.ActiveCfg = Release|Any CPU
		{9BC0213D-D161-49D6-B3C6-A1FA14EAAD96}.Release|Any CPU.Build.0 = Release|Any CPU
		{9BC0213D-D161-49D6-B3C6-A1FA14EAAD96}.Release|x64.ActiveCfg = Release|Any CPU
		{9BC0213D-D161-49D6-B3C6-A1FA14EAAD96}.Release|x64.Build.0 = Release|Any CPU
		{9BC0213D-D161-49D6-B3C6-A1FA14EAAD96}.Release|x86.ActiveCfg = Release|Any CPU
		{9BC0213D-D161-49D6-B3C6-A1FA14EAAD96}.Release|x86.Build.0 = Release|Any CPU
		{C60E582B-5386-47EB-97AF-CF467ECD18C1}.Debug|Any CPU.ActiveCfg = Debug|Any CPU
		{C60E582B-5386-47EB-97AF-CF467ECD18C1}.Debug|Any CPU.Build.0 = Debug|Any CPU
		{C60E582B-5386-47EB-97AF-CF467ECD18C1}.Debug|x64.ActiveCfg = Debug|Any CPU
		{C60E582B-5386-47EB-97AF-CF467ECD18C1}.Debug|x64.Build.0 = Debug|Any CPU
		{C60E582B-5386-47EB-97AF-CF467ECD18C1}.Debug|x86.ActiveCfg = Debug|Any CPU
		{C60E582B-5386-47EB-97AF-CF467ECD18C1}.Debug|x86.Build.0 = Debug|Any CPU
		{C60E582B-5386-47EB-97AF-CF467ECD18C1}.Release|Any CPU.ActiveCfg = Release|Any CPU
		{C60E582B-5386-47EB-97AF-CF467ECD18C1}.Release|Any CPU.Build.0 = Release|Any CPU
		{C60E582B-5386-47EB-97AF-CF467ECD18C1}.Release|x64.ActiveCfg = Release|Any CPU
		{C60E582B-5386-47EB-97AF-CF467ECD18C1}.Release|x64.Build.0 = Release|Any CPU
		{C60E582B-5386-47EB-97AF-CF467ECD18C1}.Release|x86.ActiveCfg = Release|Any CPU
		{C60E582B-5386-47EB-97AF-CF467ECD18C1}.Release|x86.Build.0 = Release|Any CPU
		{2639CE89-9D20-47EB-A10E-8D2DB1806279}.Debug|Any CPU.ActiveCfg = Debug|Any CPU
		{2639CE89-9D20-47EB-A10E-8D2DB1806279}.Debug|Any CPU.Build.0 = Debug|Any CPU
		{2639CE89-9D20-47EB-A10E-8D2DB1806279}.Debug|x64.ActiveCfg = Debug|Any CPU
		{2639CE89-9D20-47EB-A10E-8D2DB1806279}.Debug|x64.Build.0 = Debug|Any CPU
		{2639CE89-9D20-47EB-A10E-8D2DB1806279}.Debug|x86.ActiveCfg = Debug|Any CPU
		{2639CE89-9D20-47EB-A10E-8D2DB1806279}.Debug|x86.Build.0 = Debug|Any CPU
		{2639CE89-9D20-47EB-A10E-8D2DB1806279}.Release|Any CPU.ActiveCfg = Release|Any CPU
		{2639CE89-9D20-47EB-A10E-8D2DB1806279}.Release|Any CPU.Build.0 = Release|Any CPU
		{2639CE89-9D20-47EB-A10E-8D2DB1806279}.Release|x64.ActiveCfg = Release|Any CPU
		{2639CE89-9D20-47EB-A10E-8D2DB1806279}.Release|x64.Build.0 = Release|Any CPU
		{2639CE89-9D20-47EB-A10E-8D2DB1806279}.Release|x86.ActiveCfg = Release|Any CPU
		{2639CE89-9D20-47EB-A10E-8D2DB1806279}.Release|x86.Build.0 = Release|Any CPU
		{180DC52F-A8DD-4A59-A77E-E3B4E09684F5}.Debug|Any CPU.ActiveCfg = Debug|Any CPU
		{180DC52F-A8DD-4A59-A77E-E3B4E09684F5}.Debug|Any CPU.Build.0 = Debug|Any CPU
		{180DC52F-A8DD-4A59-A77E-E3B4E09684F5}.Debug|x64.ActiveCfg = Debug|Any CPU
		{180DC52F-A8DD-4A59-A77E-E3B4E09684F5}.Debug|x64.Build.0 = Debug|Any CPU
		{180DC52F-A8DD-4A59-A77E-E3B4E09684F5}.Debug|x86.ActiveCfg = Debug|Any CPU
		{180DC52F-A8DD-4A59-A77E-E3B4E09684F5}.Debug|x86.Build.0 = Debug|Any CPU
		{180DC52F-A8DD-4A59-A77E-E3B4E09684F5}.Release|Any CPU.ActiveCfg = Release|Any CPU
		{180DC52F-A8DD-4A59-A77E-E3B4E09684F5}.Release|Any CPU.Build.0 = Release|Any CPU
		{180DC52F-A8DD-4A59-A77E-E3B4E09684F5}.Release|x64.ActiveCfg = Release|Any CPU
		{180DC52F-A8DD-4A59-A77E-E3B4E09684F5}.Release|x64.Build.0 = Release|Any CPU
		{180DC52F-A8DD-4A59-A77E-E3B4E09684F5}.Release|x86.ActiveCfg = Release|Any CPU
		{180DC52F-A8DD-4A59-A77E-E3B4E09684F5}.Release|x86.Build.0 = Release|Any CPU
		{99120015-9844-46BD-B14D-225CAE2AC1AA}.Debug|Any CPU.ActiveCfg = Debug|Any CPU
		{99120015-9844-46BD-B14D-225CAE2AC1AA}.Debug|Any CPU.Build.0 = Debug|Any CPU
		{99120015-9844-46BD-B14D-225CAE2AC1AA}.Debug|x64.ActiveCfg = Debug|Any CPU
		{99120015-9844-46BD-B14D-225CAE2AC1AA}.Debug|x64.Build.0 = Debug|Any CPU
		{99120015-9844-46BD-B14D-225CAE2AC1AA}.Debug|x86.ActiveCfg = Debug|Any CPU
		{99120015-9844-46BD-B14D-225CAE2AC1AA}.Debug|x86.Build.0 = Debug|Any CPU
		{99120015-9844-46BD-B14D-225CAE2AC1AA}.Release|Any CPU.ActiveCfg = Release|Any CPU
		{99120015-9844-46BD-B14D-225CAE2AC1AA}.Release|Any CPU.Build.0 = Release|Any CPU
		{99120015-9844-46BD-B14D-225CAE2AC1AA}.Release|x64.ActiveCfg = Release|Any CPU
		{99120015-9844-46BD-B14D-225CAE2AC1AA}.Release|x64.Build.0 = Release|Any CPU
		{99120015-9844-46BD-B14D-225CAE2AC1AA}.Release|x86.ActiveCfg = Release|Any CPU
		{99120015-9844-46BD-B14D-225CAE2AC1AA}.Release|x86.Build.0 = Release|Any CPU
		{F21D5EE2-2765-4C06-9DC1-DAE9B867D603}.Debug|Any CPU.ActiveCfg = Debug|Any CPU
		{F21D5EE2-2765-4C06-9DC1-DAE9B867D603}.Debug|Any CPU.Build.0 = Debug|Any CPU
		{F21D5EE2-2765-4C06-9DC1-DAE9B867D603}.Debug|x64.ActiveCfg = Debug|Any CPU
		{F21D5EE2-2765-4C06-9DC1-DAE9B867D603}.Debug|x64.Build.0 = Debug|Any CPU
		{F21D5EE2-2765-4C06-9DC1-DAE9B867D603}.Debug|x86.ActiveCfg = Debug|Any CPU
		{F21D5EE2-2765-4C06-9DC1-DAE9B867D603}.Debug|x86.Build.0 = Debug|Any CPU
		{F21D5EE2-2765-4C06-9DC1-DAE9B867D603}.Release|Any CPU.ActiveCfg = Release|Any CPU
		{F21D5EE2-2765-4C06-9DC1-DAE9B867D603}.Release|Any CPU.Build.0 = Release|Any CPU
		{F21D5EE2-2765-4C06-9DC1-DAE9B867D603}.Release|x64.ActiveCfg = Release|Any CPU
		{F21D5EE2-2765-4C06-9DC1-DAE9B867D603}.Release|x64.Build.0 = Release|Any CPU
		{F21D5EE2-2765-4C06-9DC1-DAE9B867D603}.Release|x86.ActiveCfg = Release|Any CPU
		{F21D5EE2-2765-4C06-9DC1-DAE9B867D603}.Release|x86.Build.0 = Release|Any CPU
		{B7373534-E221-481F-9965-95EA19B8B9E9}.Debug|Any CPU.ActiveCfg = Debug|Any CPU
		{B7373534-E221-481F-9965-95EA19B8B9E9}.Debug|Any CPU.Build.0 = Debug|Any CPU
		{B7373534-E221-481F-9965-95EA19B8B9E9}.Debug|x64.ActiveCfg = Debug|Any CPU
		{B7373534-E221-481F-9965-95EA19B8B9E9}.Debug|x64.Build.0 = Debug|Any CPU
		{B7373534-E221-481F-9965-95EA19B8B9E9}.Debug|x86.ActiveCfg = Debug|Any CPU
		{B7373534-E221-481F-9965-95EA19B8B9E9}.Debug|x86.Build.0 = Debug|Any CPU
		{B7373534-E221-481F-9965-95EA19B8B9E9}.Release|Any CPU.ActiveCfg = Release|Any CPU
		{B7373534-E221-481F-9965-95EA19B8B9E9}.Release|Any CPU.Build.0 = Release|Any CPU
		{B7373534-E221-481F-9965-95EA19B8B9E9}.Release|x64.ActiveCfg = Release|Any CPU
		{B7373534-E221-481F-9965-95EA19B8B9E9}.Release|x64.Build.0 = Release|Any CPU
		{B7373534-E221-481F-9965-95EA19B8B9E9}.Release|x86.ActiveCfg = Release|Any CPU
		{B7373534-E221-481F-9965-95EA19B8B9E9}.Release|x86.Build.0 = Release|Any CPU
		{A86FBE5A-2F1C-49EC-BBE9-B6333B62AB88}.Debug|Any CPU.ActiveCfg = Debug|Any CPU
		{A86FBE5A-2F1C-49EC-BBE9-B6333B62AB88}.Debug|Any CPU.Build.0 = Debug|Any CPU
		{A86FBE5A-2F1C-49EC-BBE9-B6333B62AB88}.Debug|x64.ActiveCfg = Debug|Any CPU
		{A86FBE5A-2F1C-49EC-BBE9-B6333B62AB88}.Debug|x64.Build.0 = Debug|Any CPU
		{A86FBE5A-2F1C-49EC-BBE9-B6333B62AB88}.Debug|x86.ActiveCfg = Debug|Any CPU
		{A86FBE5A-2F1C-49EC-BBE9-B6333B62AB88}.Debug|x86.Build.0 = Debug|Any CPU
		{A86FBE5A-2F1C-49EC-BBE9-B6333B62AB88}.Release|Any CPU.ActiveCfg = Release|Any CPU
		{A86FBE5A-2F1C-49EC-BBE9-B6333B62AB88}.Release|Any CPU.Build.0 = Release|Any CPU
		{A86FBE5A-2F1C-49EC-BBE9-B6333B62AB88}.Release|x64.ActiveCfg = Release|Any CPU
		{A86FBE5A-2F1C-49EC-BBE9-B6333B62AB88}.Release|x64.Build.0 = Release|Any CPU
		{A86FBE5A-2F1C-49EC-BBE9-B6333B62AB88}.Release|x86.ActiveCfg = Release|Any CPU
		{A86FBE5A-2F1C-49EC-BBE9-B6333B62AB88}.Release|x86.Build.0 = Release|Any CPU
		{45C7C9D5-F988-4148-A403-80C522C8B3A5}.Debug|Any CPU.ActiveCfg = Debug|Any CPU
		{45C7C9D5-F988-4148-A403-80C522C8B3A5}.Debug|Any CPU.Build.0 = Debug|Any CPU
		{45C7C9D5-F988-4148-A403-80C522C8B3A5}.Debug|x64.ActiveCfg = Debug|Any CPU
		{45C7C9D5-F988-4148-A403-80C522C8B3A5}.Debug|x64.Build.0 = Debug|Any CPU
		{45C7C9D5-F988-4148-A403-80C522C8B3A5}.Debug|x86.ActiveCfg = Debug|Any CPU
		{45C7C9D5-F988-4148-A403-80C522C8B3A5}.Debug|x86.Build.0 = Debug|Any CPU
		{45C7C9D5-F988-4148-A403-80C522C8B3A5}.Release|Any CPU.ActiveCfg = Release|Any CPU
		{45C7C9D5-F988-4148-A403-80C522C8B3A5}.Release|Any CPU.Build.0 = Release|Any CPU
		{45C7C9D5-F988-4148-A403-80C522C8B3A5}.Release|x64.ActiveCfg = Release|Any CPU
		{45C7C9D5-F988-4148-A403-80C522C8B3A5}.Release|x64.Build.0 = Release|Any CPU
		{45C7C9D5-F988-4148-A403-80C522C8B3A5}.Release|x86.ActiveCfg = Release|Any CPU
		{45C7C9D5-F988-4148-A403-80C522C8B3A5}.Release|x86.Build.0 = Release|Any CPU
		{2B5630FE-87E6-4422-B497-5044CDA84434}.Debug|Any CPU.ActiveCfg = Debug|Any CPU
		{2B5630FE-87E6-4422-B497-5044CDA84434}.Debug|Any CPU.Build.0 = Debug|Any CPU
		{2B5630FE-87E6-4422-B497-5044CDA84434}.Debug|x64.ActiveCfg = Debug|Any CPU
		{2B5630FE-87E6-4422-B497-5044CDA84434}.Debug|x64.Build.0 = Debug|Any CPU
		{2B5630FE-87E6-4422-B497-5044CDA84434}.Debug|x86.ActiveCfg = Debug|Any CPU
		{2B5630FE-87E6-4422-B497-5044CDA84434}.Debug|x86.Build.0 = Debug|Any CPU
		{2B5630FE-87E6-4422-B497-5044CDA84434}.Release|Any CPU.ActiveCfg = Release|Any CPU
		{2B5630FE-87E6-4422-B497-5044CDA84434}.Release|Any CPU.Build.0 = Release|Any CPU
		{2B5630FE-87E6-4422-B497-5044CDA84434}.Release|x64.ActiveCfg = Release|Any CPU
		{2B5630FE-87E6-4422-B497-5044CDA84434}.Release|x64.Build.0 = Release|Any CPU
		{2B5630FE-87E6-4422-B497-5044CDA84434}.Release|x86.ActiveCfg = Release|Any CPU
		{2B5630FE-87E6-4422-B497-5044CDA84434}.Release|x86.Build.0 = Release|Any CPU
		{A9A921C8-7AC7-4773-A694-DB4D06B04D86}.Debug|Any CPU.ActiveCfg = Debug|Any CPU
		{A9A921C8-7AC7-4773-A694-DB4D06B04D86}.Debug|Any CPU.Build.0 = Debug|Any CPU
		{A9A921C8-7AC7-4773-A694-DB4D06B04D86}.Debug|x64.ActiveCfg = Debug|Any CPU
		{A9A921C8-7AC7-4773-A694-DB4D06B04D86}.Debug|x64.Build.0 = Debug|Any CPU
		{A9A921C8-7AC7-4773-A694-DB4D06B04D86}.Debug|x86.ActiveCfg = Debug|Any CPU
		{A9A921C8-7AC7-4773-A694-DB4D06B04D86}.Debug|x86.Build.0 = Debug|Any CPU
		{A9A921C8-7AC7-4773-A694-DB4D06B04D86}.Release|Any CPU.ActiveCfg = Release|Any CPU
		{A9A921C8-7AC7-4773-A694-DB4D06B04D86}.Release|Any CPU.Build.0 = Release|Any CPU
		{A9A921C8-7AC7-4773-A694-DB4D06B04D86}.Release|x64.ActiveCfg = Release|Any CPU
		{A9A921C8-7AC7-4773-A694-DB4D06B04D86}.Release|x64.Build.0 = Release|Any CPU
		{A9A921C8-7AC7-4773-A694-DB4D06B04D86}.Release|x86.ActiveCfg = Release|Any CPU
		{A9A921C8-7AC7-4773-A694-DB4D06B04D86}.Release|x86.Build.0 = Release|Any CPU
		{BB3E50A3-9F89-4394-9C02-6178982F7B45}.Debug|Any CPU.ActiveCfg = Debug|Any CPU
		{BB3E50A3-9F89-4394-9C02-6178982F7B45}.Debug|Any CPU.Build.0 = Debug|Any CPU
		{BB3E50A3-9F89-4394-9C02-6178982F7B45}.Debug|x64.ActiveCfg = Debug|Any CPU
		{BB3E50A3-9F89-4394-9C02-6178982F7B45}.Debug|x64.Build.0 = Debug|Any CPU
		{BB3E50A3-9F89-4394-9C02-6178982F7B45}.Debug|x86.ActiveCfg = Debug|Any CPU
		{BB3E50A3-9F89-4394-9C02-6178982F7B45}.Debug|x86.Build.0 = Debug|Any CPU
		{BB3E50A3-9F89-4394-9C02-6178982F7B45}.Release|Any CPU.ActiveCfg = Release|Any CPU
		{BB3E50A3-9F89-4394-9C02-6178982F7B45}.Release|Any CPU.Build.0 = Release|Any CPU
		{BB3E50A3-9F89-4394-9C02-6178982F7B45}.Release|x64.ActiveCfg = Release|Any CPU
		{BB3E50A3-9F89-4394-9C02-6178982F7B45}.Release|x64.Build.0 = Release|Any CPU
		{BB3E50A3-9F89-4394-9C02-6178982F7B45}.Release|x86.ActiveCfg = Release|Any CPU
		{BB3E50A3-9F89-4394-9C02-6178982F7B45}.Release|x86.Build.0 = Release|Any CPU
	EndGlobalSection
	GlobalSection(SolutionProperties) = preSolution
		HideSolutionNode = FALSE
	EndGlobalSection
	GlobalSection(NestedProjects) = preSolution
		{6999BB95-48D9-2F89-3C7F-00564788F543} = {827E0CD3-B72D-47B6-A68D-7590B98EB39B}
		{2B6F221F-23EB-4B7A-A251-DD812F693D98} = {6999BB95-48D9-2F89-3C7F-00564788F543}
		{971FAE74-555C-4224-9399-8A7642B41E44} = {6999BB95-48D9-2F89-3C7F-00564788F543}
		{2A15FC21-168A-4C4B-8C4E-129CF5110F4A} = {6999BB95-48D9-2F89-3C7F-00564788F543}
		{48141DD8-ABF0-4B5E-BE68-A0F15A46300D} = {6999BB95-48D9-2F89-3C7F-00564788F543}
		{3273621B-B6F3-F831-13F7-7D28585CCB3D} = {827E0CD3-B72D-47B6-A68D-7590B98EB39B}
		{9BC0213D-D161-49D6-B3C6-A1FA14EAAD96} = {3273621B-B6F3-F831-13F7-7D28585CCB3D}
		{C60E582B-5386-47EB-97AF-CF467ECD18C1} = {3273621B-B6F3-F831-13F7-7D28585CCB3D}
		{2639CE89-9D20-47EB-A10E-8D2DB1806279} = {3273621B-B6F3-F831-13F7-7D28585CCB3D}
		{180DC52F-A8DD-4A59-A77E-E3B4E09684F5} = {3273621B-B6F3-F831-13F7-7D28585CCB3D}
		{FF060368-6B1E-E30E-2C06-7320FAB64058} = {827E0CD3-B72D-47B6-A68D-7590B98EB39B}
		{99120015-9844-46BD-B14D-225CAE2AC1AA} = {FF060368-6B1E-E30E-2C06-7320FAB64058}
		{F21D5EE2-2765-4C06-9DC1-DAE9B867D603} = {FF060368-6B1E-E30E-2C06-7320FAB64058}
		{B7373534-E221-481F-9965-95EA19B8B9E9} = {FF060368-6B1E-E30E-2C06-7320FAB64058}
		{A86FBE5A-2F1C-49EC-BBE9-B6333B62AB88} = {FF060368-6B1E-E30E-2C06-7320FAB64058}
		{FF0E3929-CBDF-D101-A636-4697F11DEC78} = {827E0CD3-B72D-47B6-A68D-7590B98EB39B}
		{45C7C9D5-F988-4148-A403-80C522C8B3A5} = {FF0E3929-CBDF-D101-A636-4697F11DEC78}
		{2B5630FE-87E6-4422-B497-5044CDA84434} = {FF0E3929-CBDF-D101-A636-4697F11DEC78}
		{A9A921C8-7AC7-4773-A694-DB4D06B04D86} = {FF0E3929-CBDF-D101-A636-4697F11DEC78}
		{BB3E50A3-9F89-4394-9C02-6178982F7B45} = {FF0E3929-CBDF-D101-A636-4697F11DEC78}
	EndGlobalSection
EndGlobal
